
Microsoft Visual Studio Solution File, Format Version 12.00
# Visual Studio Version 17
VisualStudioVersion = 17.4.33213.308
MinimumVisualStudioVersion = 10.0.40219.1
Project("{9A19103F-16F7-4668-BE54-9A1E7A4F7556}") = "CMX_api", "CMX_api\CMX_api.csproj", "{7C4CC105-2DDD-4B9B-B608-F9D7B27C8C90}"
EndProject
Project("{FAE04EC0-301F-11D3-BF4B-00C04F79EFBC}") = "CMX_client", "CMX_client\CMX_client.csproj", "{D422FC53-7430-4662-9FCB-961BA395C879}"
EndProject
Global
	GlobalSection(SolutionConfigurationPlatforms) = preSolution
		Debug|Any CPU = Debug|Any CPU
		Release|Any CPU = Release|Any CPU
	EndGlobalSection
	GlobalSection(ProjectConfigurationPlatforms) = postSolution
		{7C4CC105-2DDD-4B9B-B608-F9D7B27C8C90}.Debug|Any CPU.ActiveCfg = Debug|Any CPU
		{7C4CC105-2DDD-4B9B-B608-F9D7B27C8C90}.Debug|Any CPU.Build.0 = Debug|Any CPU
		{7C4CC105-2DDD-4B9B-B608-F9D7B27C8C90}.Release|Any CPU.ActiveCfg = Release|Any CPU
		{7C4CC105-2DDD-4B9B-B608-F9D7B27C8C90}.Release|Any CPU.Build.0 = Release|Any CPU
		{D422FC53-7430-4662-9FCB-961BA395C879}.Debug|Any CPU.ActiveCfg = Debug|Any CPU
		{D422FC53-7430-4662-9FCB-961BA395C879}.Debug|Any CPU.Build.0 = Debug|Any CPU
		{D422FC53-7430-4662-9FCB-961BA395C879}.Release|Any CPU.ActiveCfg = Release|Any CPU
		{D422FC53-7430-4662-9FCB-961BA395C879}.Release|Any CPU.Build.0 = Release|Any CPU
	EndGlobalSection
	GlobalSection(SolutionProperties) = preSolution
		HideSolutionNode = FALSE
	EndGlobalSection
	GlobalSection(ExtensibilityGlobals) = postSolution
		SolutionGuid = {04AB36BB-C6F9-4233-92CA-67874747EC77}
	EndGlobalSection
EndGlobal
